
Microsoft Visual Studio Solution File, Format Version 12.00
# Visual Studio Version 16
VisualStudioVersion = 16.0.30330.147
MinimumVisualStudioVersion = 10.0.40219.1
Project("{FAE04EC0-301F-11D3-BF4B-00C04F79EFBC}") = "Sumar", "Sumar\Sumar.csproj", "{B4F1FD30-ED4E-4101-91B8-259AC36637A6}"
EndProject
Global
	GlobalSection(SolutionConfigurationPlatforms) = preSolution
		Debug|Any CPU = Debug|Any CPU
		Release|Any CPU = Release|Any CPU
	EndGlobalSection
	GlobalSection(ProjectConfigurationPlatforms) = postSolution
		{B4F1FD30-ED4E-4101-91B8-259AC36637A6}.Debug|Any CPU.ActiveCfg = Debug|Any CPU
		{B4F1FD30-ED4E-4101-91B8-259AC36637A6}.Debug|Any CPU.Build.0 = Debug|Any CPU
		{B4F1FD30-ED4E-4101-91B8-259AC36637A6}.Release|Any CPU.ActiveCfg = Release|Any CPU
		{B4F1FD30-ED4E-4101-91B8-259AC36637A6}.Release|Any CPU.Build.0 = Release|Any CPU
	EndGlobalSection
	GlobalSection(SolutionProperties) = preSolution
		HideSolutionNode = FALSE
	EndGlobalSection
	GlobalSection(ExtensibilityGlobals) = postSolution
		SolutionGuid = {56157EA8-2A21-45E9-9AF4-FB751BA65D29}
	EndGlobalSection
EndGlobal
